
Microsoft Visual Studio Solution File, Format Version 12.00
# Visual Studio Version 17
VisualStudioVersion = 17.3.32929.385
MinimumVisualStudioVersion = 10.0.40219.1
Project("{FAE04EC0-301F-11D3-BF4B-00C04F79EFBC}") = "ProjetoLutaOficial", "ProjetoLutaOficial\ProjetoLutaOficial.csproj", "{3CF9A9FD-912C-44FD-B8F7-CC02E9CD03AD}"
EndProject
Global
	GlobalSection(SolutionConfigurationPlatforms) = preSolution
		Debug|Any CPU = Debug|Any CPU
		Release|Any CPU = Release|Any CPU
	EndGlobalSection
	GlobalSection(ProjectConfigurationPlatforms) = postSolution
		{3CF9A9FD-912C-44FD-B8F7-CC02E9CD03AD}.Debug|Any CPU.ActiveCfg = Debug|Any CPU
		{3CF9A9FD-912C-44FD-B8F7-CC02E9CD03AD}.Debug|Any CPU.Build.0 = Debug|Any CPU
		{3CF9A9FD-912C-44FD-B8F7-CC02E9CD03AD}.Release|Any CPU.ActiveCfg = Release|Any CPU
		{3CF9A9FD-912C-44FD-B8F7-CC02E9CD03AD}.Release|Any CPU.Build.0 = Release|Any CPU
	EndGlobalSection
	GlobalSection(SolutionProperties) = preSolution
		HideSolutionNode = FALSE
	EndGlobalSection
	GlobalSection(ExtensibilityGlobals) = postSolution
		SolutionGuid = {8F23482A-27E0-43F1-A84D-C36A6058DA73}
	EndGlobalSection
EndGlobal
